{
  "name": "Glassmorphism effect with HTML only",
  "lockfileVersion": 3,
  "requires": true,
  "packages": {
    "": {
      "dependencies": {
        "@master/normal.css": "^3.1.0",
        "@master/styles": "^1.14.0"
      }
    },
    "node_modules/@master/normal.css": {
      "version": "3.1.0",
      "resolved": "https://registry.npmjs.org/@master/normal.css/-/normal.css-3.1.0.tgz",
      "integrity": "sha512-NDe4G+IYIa8OvmVjrHtHN5Ptu6Cu3877i/wU0Oxdi2/4873pEPnC2obPGCb3ZOH0CYiIIXKUtXK+CiH9+I6GUw==",
      "license": "MIT",
      "funding": {
        "url": "https://docs.master.co/css/donate"
      }
    },
    "node_modules/@master/style": {
      "version": "1.6.0",
      "resolved": "https://registry.npmjs.org/@master/style/-/style-1.6.0.tgz",
      "integrity": "sha512-QaF0vmqR91XRa6P7b8aTX6w14TDPifJ0YbV2YiDS/9QrqaQice9acJbYyxKus1LOFpwxFBG1tbusCJhhFSO7uQ==",
      "deprecated": "migrated to @master/css",
      "license": "MIT",
      "peer": true,
      "funding": {
        "url": "https://docs.master.co/styles/donate"
      }
    },
    "node_modules/@master/styles": {
      "version": "1.14.0",
      "resolved": "https://registry.npmjs.org/@master/styles/-/styles-1.14.0.tgz",
      "integrity": "sha512-2nh/aCEGZ+ICDSlqxNO8mZKBuOvdKDZs/gkZtrnN4ILD6NwiUm8TgR101VpNgT7qMD2ajwYC13JWWQhRKiLYHA==",
      "deprecated": "migrated to @master/css",
      "license": "MIT",
      "funding": {
        "url": "https://docs.master.co/styles/donate"
      },
      "peerDependencies": {
        "@master/style": "^1.0.0"
      }
    }
  }
}
